github.com/cheekybits/is v0.0.0-20150225183255-68e9c0620927/go.mod h1:h/aW8ynjgkuj+NQRlZcDbAbM1ORAbXjXX77sX7T289U=
github.com/dgrijalva/jwt-go v3.2.0+incompatible h1:7qlOGliEKZXTDg6OTjfoBKDXWrumCAMpl/TFQ4/5kLM=
github.com/dgrijalva/jwt-go v3.2.0+incompatible/go.mod h1:E3ru+11k8xSBh+hMPgOLZmtrrCbhqsmaPHjLKYnJCaQ=
github.com/dustin/go-humanize v1.0.0/go.mod h1:HtrtbFcZ19U5GC7JDqmcUSB87Iq5E25KnS6fMYU6eOk=
github.com/fsnotify/fsnotify v1.4.7/go.mod h1:jwhsz4b93w/PPRr/qN1Yymfu8t87LnFCMoQvtojpjFo=
github.com/go-chi/chi v3.3.3+incompatible h1:KHkmBEMNkwKuK4FdQL7N2wOeB9jnIx7jR5wsuSBEFI8=
github.com/go-chi/chi v3.3.3+incompatible/go.mod h1:eB3wogJHnLi3x/kFX2A+IbTBlXxmMeXJVKy9tTv1XzQ=
github.com/lib/pq v1.0.0 h1:X5PMW56eZitiTeO7tKzZxFCSpbFZJtkMMooicw2us9A=
github.com/lib/pq v1.0.0/go.mod h1:5WUZQaWbwv1U+lTReE5YruASi9Al49XbQIvNi/34Woo=
github.com/matryer/try v0.0.0-20161228173917-9ac251b645a2/go.mod h1:0KeJpeMD6o+O4hW7qJOT7vyQPKrWmj26uf5wMc/IiIs=
github.com/spf13/pflag v1.0.3/go.mod h1:DYY7MBk1bdzusC3SYhjObp+wFpr4gzcvqqNjLnInEg4=
github.com/tdewolff/minify/v2 v2.5.0 h1:OWPdsMnomzKoL5tzgW3HK3t1zVxsHF6SlGxJjUnoMdw=
github.com/tdewolff/minify/v2 v2.5.0/go.mod h1:ZLQDMgUYkaNxM5YLYnp151Lb6Ff+rAxNIzLxEkrKImQ=
github.com/tdewolff/parse/v2 v2.3.7 h1:DXoTUgrUE2Eap0m7zg1ljCO5C78vhEi7HTc4YnJWrRk=
github.com/tdewolff/parse/v2 v2.3.7/go.mod h1:HansaqmN4I/U7L6/tUp0NcwT2tFO0F4EAWYGSDzkYNk=
github.com/tdewolff/test v1.0.0 h1:jOwzqCXr5ePXEPGJaq2ivoR6HOCi+D5TPfpoyg8yvmU=
github.com/tdewolff/test v1.0.0/go.mod h1:DiQUlutnqlEvdvhSn2LPGy4TFwRauAaYDsL+683RNX4=
golang.org/x/crypto v0.0.0-20181106171534-e4dc69e5b2fd h1:VtIkGDhk0ph3t+THbvXHfMZ8QHgsBO39Nh52+74pq7w=
golang.org/x/crypto v0.0.0-20181106171534-e4dc69e5b2fd/go.mod h1:6SG95UA2DQfeDnfUPMdvaQW0Q7yPrPDi9nlGo2tz2b4=
golang.org/x/sys v0.0.0-20181031143558-9b800f95dbbc/go.mod h1:STP8DvDyc/dI5b8T5hshtkjS+E42TnysNCUPdjciGhY=
golang.org/x/sys v0.0.0-20190124100055-b90733256f2e h1:3GIlrlVLfkoipSReOMNAgApI0ajnalyLa/EZHHca/XI=
golang.org/x/sys v0.0.0-20190124100055-b90733256f2e/go.mod h1:STP8DvDyc/dI5b8T5hshtkjS+E42TnysNCUPdjciGhY=
